{"1.2.0",
[{<<"kura">>,{pkg,<<"kura">>,<<"2.20.7">>},0},
 {<<"minato">>,{pkg,<<"minato">>,<<"0.18.9">>},0},
 {<<"telemetry">>,{pkg,<<"telemetry">>,<<"1.4.2">>},1}]}.
[
{pkg_hash,[
 {<<"kura">>, <<"6FA6EF7CC0904D1E180571BB37168A5C2F0FD6C23CD6BD75BC351F7208E458F9">>},
 {<<"minato">>, <<"C76D0C86DBE8CD3B3FD09AD08CF7D72622F629B0A68451DE5DE36ADCC3351BAF">>},
 {<<"telemetry">>, <<"A0CB522801DFFB1C49FE6E30561BADFFC7B6D0E180DB1300DF759FAA22062855">>}]},
{pkg_hash_ext,[
 {<<"kura">>, <<"87EB91E93159D29E00632AA0EB04529D4BEF99931FC47694DA185E894260D7C2">>},
 {<<"minato">>, <<"5B1285928B6151BC6DD4275CDE211970F5702DFFBEEC0BF0B70FDFFF5112A6D3">>},
 {<<"telemetry">>, <<"928F6495066506077862C0D1646609EED891A4326BEE3126BA54B60AF61FEBB1">>}]}
].
