{"1.2.0",
[{<<"kura">>,{pkg,<<"kura">>,<<"2.17.1">>},0},
 {<<"minato">>,{pkg,<<"minato">>,<<"0.18.9">>},0},
 {<<"telemetry">>,{pkg,<<"telemetry">>,<<"1.4.2">>},1}]}.
[
{pkg_hash,[
 {<<"kura">>, <<"6C32025B0BCE4F5674219C761AC614B67BA3A920B6A93E0E601231926BA02335">>},
 {<<"minato">>, <<"C76D0C86DBE8CD3B3FD09AD08CF7D72622F629B0A68451DE5DE36ADCC3351BAF">>},
 {<<"telemetry">>, <<"A0CB522801DFFB1C49FE6E30561BADFFC7B6D0E180DB1300DF759FAA22062855">>}]},
{pkg_hash_ext,[
 {<<"kura">>, <<"BB872E7831CAB132EF7B50D9A0C9C7AD83DD6A24E4FCF2AAC7BED3A544B00609">>},
 {<<"minato">>, <<"5B1285928B6151BC6DD4275CDE211970F5702DFFBEEC0BF0B70FDFFF5112A6D3">>},
 {<<"telemetry">>, <<"928F6495066506077862C0D1646609EED891A4326BEE3126BA54B60AF61FEBB1">>}]}
].
